Microsoft Visual Studio Solution File, Format Version 12.00
# Visual Studio Version 17
VisualStudioVersion = 17.0.31903.59
MinimumVisualStudioVersion = 10.0.40219.1
Project("{9A19103F-16F7-4668-BE54-9A1E7A4F7556}") = "NewEmby.PlayerBridge", "src\NewEmby.PlayerBridge\NewEmby.PlayerBridge.csproj", "{82D56A5F-493F-43FB-A31B-86E079E82728}"
EndProject
Project("{9A19103F-16F7-4668-BE54-9A1E7A4F7556}") = "NewEmby.PlayerBridge.Tests", "tests\NewEmby.PlayerBridge.Tests\NewEmby.PlayerBridge.Tests.csproj", "{D498A4A9-92EA-44B4-96A1-A25E0BEA53C4}"
EndProject
Global
  GlobalSection(SolutionConfigurationPlatforms) = preSolution
    Debug|Any CPU = Debug|Any CPU
    Release|Any CPU = Release|Any CPU
  EndGlobalSection
  GlobalSection(ProjectConfigurationPlatforms) = postSolution
    {82D56A5F-493F-43FB-A31B-86E079E82728}.Debug|Any CPU.ActiveCfg = Debug|Any CPU
    {82D56A5F-493F-43FB-A31B-86E079E82728}.Debug|Any CPU.Build.0 = Debug|Any CPU
    {82D56A5F-493F-43FB-A31B-86E079E82728}.Release|Any CPU.ActiveCfg = Release|Any CPU
    {82D56A5F-493F-43FB-A31B-86E079E82728}.Release|Any CPU.Build.0 = Release|Any CPU
    {D498A4A9-92EA-44B4-96A1-A25E0BEA53C4}.Debug|Any CPU.ActiveCfg = Debug|Any CPU
    {D498A4A9-92EA-44B4-96A1-A25E0BEA53C4}.Debug|Any CPU.Build.0 = Debug|Any CPU
    {D498A4A9-92EA-44B4-96A1-A25E0BEA53C4}.Release|Any CPU.ActiveCfg = Release|Any CPU
    {D498A4A9-92EA-44B4-96A1-A25E0BEA53C4}.Release|Any CPU.Build.0 = Release|Any CPU
  EndGlobalSection
  GlobalSection(SolutionProperties) = preSolution
    HideSolutionNode = FALSE
  EndGlobalSection
EndGlobal
